
Microsoft Visual Studio Solution File, Format Version 12.00
# Visual Studio 15
VisualStudioVersion = 15.0.28307.271
MinimumVisualStudioVersion = 10.0.40219.1
Project("{FAE04EC0-301F-11D3-BF4B-00C04F79EFBC}") = "HttpRequest.Core", "HttpRequest.Core\HttpRequest.Core.csproj", "{DF531652-6992-4871-B406-7323F6992E9C}"
EndProject
Global
	GlobalSection(SolutionConfigurationPlatforms) = preSolution
		Debug|Any CPU = Debug|Any CPU
		Release|Any CPU = Release|Any CPU
	EndGlobalSection
	GlobalSection(ProjectConfigurationPlatforms) = postSolution
		{DF531652-6992-4871-B406-7323F6992E9C}.Debug|Any CPU.ActiveCfg = Debug|Any CPU
		{DF531652-6992-4871-B406-7323F6992E9C}.Debug|Any CPU.Build.0 = Debug|Any CPU
		{DF531652-6992-4871-B406-7323F6992E9C}.Release|Any CPU.ActiveCfg = Release|Any CPU
		{DF531652-6992-4871-B406-7323F6992E9C}.Release|Any CPU.Build.0 = Release|Any CPU
	EndGlobalSection
	GlobalSection(SolutionProperties) = preSolution
		HideSolutionNode = FALSE
	EndGlobalSection
	GlobalSection(ExtensibilityGlobals) = postSolution
		SolutionGuid = {EEA7AFBD-5D2E-4928-AEE1-B2C253F35062}
	EndGlobalSection
EndGlobal
